// !$*UTF8*$!
{
	archiveVersion = 1;
	classes = {
	};
	objectVersion = 46;
	objects = {

/* Begin PBXBuildFile section */
		22EB2E461C04791200E335F5 /* dark.png in Resources */ = {isa = PBXBuildFile; fileRef = 22EB2E451C04791200E335F5 /* dark.png */; };
		22EB2E481C04791A00E335F5 /* choice.png in Resources */ = {isa = PBXBuildFile; fileRef = 22EB2E471C04791A00E335F5 /* choice.png */; };
		22EB2E4A1C04792000E335F5 /* go.png in Resources */ = {isa = PBXBuildFile; fileRef = 22EB2E491C04792000E335F5 /* go.png */; };
		22EB2E4D1C04796300E335F5 /* mainViewController.swift in Sources */ = {isa = PBXBuildFile; fileRef = 22EB2E4C1C04796300E335F5 /* mainViewController.swift */; };
		528A43131C00AA9B00C74C7C /* AppDelegate.swift in Sources */ = {isa = PBXBuildFile; fileRef = 528A43121C00AA9B00C74C7C /* AppDelegate.swift */; };
		528A43151C00AA9B00C74C7C /* ViewController.swift in Sources */ = {isa = PBXBuildFile; fileRef = 528A43141C00AA9B00C74C7C /* ViewController.swift */; };
		528A43181C00AA9B00C74C7C /* Main.storyboard in Resources */ = {isa = PBXBuildFile; fileRef = 528A43161C00AA9B00C74C7C /* Main.storyboard */; };
		528A431A1C00AA9B00C74C7C /* Assets.xcassets in Resources */ = {isa = PBXBuildFile; fileRef = 528A43191C00AA9B00C74C7C /* Assets.xcassets */; };
		528A431D1C00AA9B00C74C7C /* LaunchScreen.storyboard in Resources */ = {isa = PBXBuildFile; fileRef = 528A431B1C00AA9B00C74C7C /* LaunchScreen.storyboard */; };
		528A43281C00AA9B00C74C7C /* testmapTests.swift in Sources */ = {isa = PBXBuildFile; fileRef = 528A43271C00AA9B00C74C7C /* testmapTests.swift */; };
		528A43331C00AA9B00C74C7C /* testmapUITests.swift in Sources */ = {isa = PBXBuildFile; fileRef = 528A43321C00AA9B00C74C7C /* testmapUITests.swift */; };
		528BDC551C049A4E007E10E3 /* trackingManager.swift in Sources */ = {isa = PBXBuildFile; fileRef = 528BDC541C049A4E007E10E3 /* trackingManager.swift */; };
/* End PBXBuildFile section */

/* Begin PBXContainerItemProxy section */
		528A43241C00AA9B00C74C7C /* PBXContainerItemProxy */ = {
			isa = PBXContainerItemProxy;
			containerPortal = 528A43071C00AA9B00C74C7C /* Project object */;
			proxyType = 1;
			remoteGlobalIDString = 528A430E1C00AA9B00C74C7C;
			remoteInfo = testmap;
		};
		528A432F1C00AA9B00C74C7C /* PBXContainerItemProxy */ = {
			isa = PBXContainerItemProxy;
			containerPortal = 528A43071C00AA9B00C74C7C /* Project object */;
			proxyType = 1;
			remoteGlobalIDString = 528A430E1C00AA9B00C74C7C;
			remoteInfo = testmap;
		};
/* End PBXContainerItemProxy section */

/* Begin PBXFileReference section */
		22EB2E451C04791200E335F5 /* dark.png */ = {isa = PBXFileReference; lastKnownFileType = image.png; path = dark.png; sourceTree = "<group>"; };
		22EB2E471C04791A00E335F5 /* choice.png */ = {isa = PBXFileReference; lastKnownFileType = image.png; path = choice.png; sourceTree = "<group>"; };
		22EB2E491C04792000E335F5 /* go.png */ = {isa = PBXFileReference; lastKnownFileType = image.png; path = go.png; sourceTree = "<group>"; };
		22EB2E4C1C04796300E335F5 /* mainViewController.swift */ = {isa = PBXFileReference; fileEncoding = 4; lastKnownFileType = sourcecode.swift; path = mainViewController.swift; sourceTree = "<group>"; };
		528A430F1C00AA9B00C74C7C /* testmap.app */ = {isa = PBXFileReference; explicitFileType = wrapper.application; includeInIndex = 0; path = testmap.app; sourceTree = BUILT_PRODUCTS_DIR; };
		528A43121C00AA9B00C74C7C /* AppDelegate.swift */ = {isa = PBXFileReference; lastKnownFileType = sourcecode.swift; path = AppDelegate.swift; sourceTree = "<group>"; };
		528A43141C00AA9B00C74C7C /* ViewController.swift */ = {isa = PBXFileReference; lastKnownFileType = sourcecode.swift; path = ViewController.swift; sourceTree = "<group>"; };
		528A43171C00AA9B00C74C7C /* Base */ = {isa = PBXFileReference; lastKnownFileType = file.storyboard; name = Base; path = Base.lproj/Main.storyboard; sourceTree = "<group>"; };
		528A43191C00AA9B00C74C7C /* Assets.xcassets */ = {isa = PBXFileReference; lastKnownFileType = folder.assetcatalog; path = Assets.xcassets; sourceTree = "<group>"; };
		528A431C1C00AA9B00C74C7C /* Base */ = {isa = PBXFileReference; lastKnownFileType = file.storyboard; name = Base; path = Base.lproj/LaunchScreen.storyboard; sourceTree = "<group>"; };
		528A431E1C00AA9B00C74C7C /* Info.plist */ = {isa = PBXFileReference; lastKnownFileType = text.plist.xml; path = Info.plist; sourceTree = "<group>"; };
		528A43231C00AA9B00C74C7C /* testmapTests.xctest */ = {isa = PBXFileReference; explicitFileType = wrapper.cfbundle; includeInIndex = 0; path = testmapTests.xctest; sourceTree = BUILT_PRODUCTS_DIR; };
		528A43271C00AA9B00C74C7C /* testmapTests.swift */ = {isa = PBXFileReference; lastKnownFileType = sourcecode.swift; path = testmapTests.swift; sourceTree = "<group>"; };
		528A43291C00AA9B00C74C7C /* Info.plist */ = {isa = PBXFileReference; lastKnownFileType = text.plist.xml; path = Info.plist; sourceTree = "<group>"; };
		528A432E1C00AA9B00C74C7C /* testmapUITests.xctest */ = {isa = PBXFileReference; explicitFileType = wrapper.cfbundle; includeInIndex = 0; path = testmapUITests.xctest; sourceTree = BUILT_PRODUCTS_DIR; };
		528A43321C00AA9B00C74C7C /* testmapUITests.swift */ = {isa = PBXFileReference; lastKnownFileType = sourcecode.swift; path = testmapUITests.swift; sourceTree = "<group>"; };
		528A43341C00AA9B00C74C7C /* Info.plist */ = {isa = PBXFileReference; lastKnownFileType = text.plist.xml; path = Info.plist; sourceTree = "<group>"; };
		528BDC541C049A4E007E10E3 /* trackingManager.swift */ = {isa = PBXFileReference; fileEncoding = 4; lastKnownFileType = sourcecode.swift; path = trackingManager.swift; sourceTree = "<group>"; };
/* End PBXFileReference section */

/* Begin PBXFrameworksBuildPhase section */
		528A430C1C00AA9B00C74C7C /* Frameworks */ = {
			isa = PBXFrameworksBuildPhase;
			buildActionMask = 2147483647;
			files = (
			);
			runOnlyForDeploymentPostprocessing = 0;
		};
		528A43201C00AA9B00C74C7C /* Frameworks */ = {
			isa = PBXFrameworksBuildPhase;
			buildActionMask = 2147483647;
			files = (
			);
			runOnlyForDeploymentPostprocessing = 0;
		};
		528A432B1C00AA9B00C74C7C /* Frameworks */ = {
			isa = PBXFrameworksBuildPhase;
			buildActionMask = 2147483647;
			files = (
			);
			runOnlyForDeploymentPostprocessing = 0;
		};
/* End PBXFrameworksBuildPhase section */

/* Begin PBXGroup section */
		22EB2E4B1C04793800E335F5 /* pic */ = {
			isa = PBXGroup;
			children = (
				22EB2E451C04791200E335F5 /* dark.png */,
				22EB2E491C04792000E335F5 /* go.png */,
				22EB2E471C04791A00E335F5 /* choice.png */,
			);
			name = pic;
			sourceTree = "<group>";
		};
		528A43061C00AA9B00C74C7C = {
			isa = PBXGroup;
			children = (
				528A43111C00AA9B00C74C7C /* testmap */,
				528A43261C00AA9B00C74C7C /* testmapTests */,
				528A43311C00AA9B00C74C7C /* testmapUITests */,
				528A43101C00AA9B00C74C7C /* Products */,
			);
			sourceTree = "<group>";
		};
		528A43101C00AA9B00C74C7C /* Products */ = {
			isa = PBXGroup;
			children = (
				528A430F1C00AA9B00C74C7C /* testmap.app */,
				528A43231C00AA9B00C74C7C /* testmapTests.xctest */,
				528A432E1C00AA9B00C74C7C /* testmapUITests.xctest */,
			);
			name = Products;
			sourceTree = "<group>";
		};
		528A43111C00AA9B00C74C7C /* testmap */ = {
			isa = PBXGroup;
			children = (
				22EB2E4B1C04793800E335F5 /* pic */,
				528A43121C00AA9B00C74C7C /* AppDelegate.swift */,
				528A43141C00AA9B00C74C7C /* ViewController.swift */,
				528A43161C00AA9B00C74C7C /* Main.storyboard */,
				22EB2E4C1C04796300E335F5 /* mainViewController.swift */,
				528A43191C00AA9B00C74C7C /* Assets.xcassets */,
				528A431B1C00AA9B00C74C7C /* LaunchScreen.storyboard */,
				528A431E1C00AA9B00C74C7C /* Info.plist */,
				528BDC541C049A4E007E10E3 /* trackingManager.swift */,
			);
			path = testmap;
			sourceTree = "<group>";
		};
		528A43261C00AA9B00C74C7C /* testmapTests */ = {
			isa = PBXGroup;
			children = (
				528A43271C00AA9B00C74C7C /* testmapTests.swift */,
				528A43291C00AA9B00C74C7C /* Info.plist */,
			);
			path = testmapTests;
			sourceTree = "<group>";
		};
		528A43311C00AA9B00C74C7C /* testmapUITests */ = {
			isa = PBXGroup;
			children = (
				528A43321C00AA9B00C74C7C /* testmapUITests.swift */,
				528A43341C00AA9B00C74C7C /* Info.plist */,
			);
			path = testmapUITests;
			sourceTree = "<group>";
		};
/* End PBXGroup section */

/* Begin PBXNativeTarget section */
		528A430E1C00AA9B00C74C7C /* testmap */ = {
			isa = PBXNativeTarget;
			buildConfigurationList = 528A43371C00AA9B00C74C7C /* Build configuration list for PBXNativeTarget "testmap" */;
			buildPhases = (
				528A430B1C00AA9B00C74C7C /* Sources */,
				528A430C1C00AA9B00C74C7C /* Frameworks */,
				528A430D1C00AA9B00C74C7C /* Resources */,
			);
			buildRules = (
			);
			dependencies = (
			);
			name = testmap;
			productName = testmap;
			productReference = 528A430F1C00AA9B00C74C7C /* testmap.app */;
			productType = "com.apple.product-type.application";
		};
		528A43221C00AA9B00C74C7C /* testmapTests */ = {
			isa = PBXNativeTarget;
			buildConfigurationList = 528A433A1C00AA9B00C74C7C /* Build configuration list for PBXNativeTarget "testmapTests" */;
			buildPhases = (
				528A431F1C00AA9B00C74C7C /* Sources */,
				528A43201C00AA9B00C74C7C /* Frameworks */,
				528A43211C00AA9B00C74C7C /* Resources */,
			);
			buildRules = (
			);
			dependencies = (
				528A43251C00AA9B00C74C7C /* PBXTargetDependency */,
			);
			name = testmapTests;
			productName = testmapTests;
			productReference = 528A43231C00AA9B00C74C7C /* testmapTests.xctest */;
			productType = "com.apple.product-type.bundle.unit-test";
		};
		528A432D1C00AA9B00C74C7C /* testmapUITests */ = {
			isa = PBXNativeTarget;
			buildConfigurationList = 528A433D1C00AA9B00C74C7C /* Build configuration list for PBXNativeTarget "testmapUITests" */;
			buildPhases = (
				528A432A1C00AA9B00C74C7C /* Sources */,
				528A432B1C00AA9B00C74C7C /* Frameworks */,
				528A432C1C00AA9B00C74C7C /* Resources */,
			);
			buildRules = (
			);
			dependencies = (
				528A43301C00AA9B00C74C7C /* PBXTargetDependency */,
			);
			name = testmapUITests;
			productName = testmapUITests;
			productReference = 528A432E1C00AA9B00C74C7C /* testmapUITests.xctest */;
			productType = "com.apple.product-type.bundle.ui-testing";
		};
/* End PBXNativeTarget section */

/* Begin PBXProject section */
		528A43071C00AA9B00C74C7C /* Project object */ = {
			isa = PBXProject;
			attributes = {
				LastSwiftUpdateCheck = 0710;
				LastUpgradeCheck = 0710;
				ORGANIZATIONNAME = "Haoqian Zhang";
				TargetAttributes = {
					528A430E1C00AA9B00C74C7C = {
						CreatedOnToolsVersion = 7.1.1;
					};
					528A43221C00AA9B00C74C7C = {
						CreatedOnToolsVersion = 7.1.1;
						TestTargetID = 528A430E1C00AA9B00C74C7C;
					};
					528A432D1C00AA9B00C74C7C = {
						CreatedOnToolsVersion = 7.1.1;
						TestTargetID = 528A430E1C00AA9B00C74C7C;
					};
				};
			};
			buildConfigurationList = 528A430A1C00AA9B00C74C7C /* Build configuration list for PBXProject "testmap" */;
			compatibilityVersion = "Xcode 3.2";
			developmentRegion = English;
			hasScannedForEncodings = 0;
			knownRegions = (
				en,
				Base,
			);
			mainGroup = 528A43061C00AA9B00C74C7C;
			productRefGroup = 528A43101C00AA9B00C74C7C /* Products */;
			projectDirPath = "";
			projectRoot = "";
			targets = (
				528A430E1C00AA9B00C74C7C /* testmap */,
				528A43221C00AA9B00C74C7C /* testmapTests */,
				528A432D1C00AA9B00C74C7C /* testmapUITests */,
			);
		};
/* End PBXProject section */

/* Begin PBXResourcesBuildPhase section */
		528A430D1C00AA9B00C74C7C /* Resources */ = {
			isa = PBXResourcesBuildPhase;
			buildActionMask = 2147483647;
			files = (
				528A431D1C00AA9B00C74C7C /* LaunchScreen.storyboard in Resources */,
				22EB2E461C04791200E335F5 /* dark.png in Resources */,
				528A431A1C00AA9B00C74C7C /* Assets.xcassets in Resources */,
				528A43181C00AA9B00C74C7C /* Main.storyboard in Resources */,
				22EB2E481C04791A00E335F5 /* choice.png in Resources */,
				22EB2E4A1C04792000E335F5 /* go.png in Resources */,
			);
			runOnlyForDeploymentPostprocessing = 0;
		};
		528A43211C00AA9B00C74C7C /* Resources */ = {
			isa = PBXResourcesBuildPhase;
			buildActionMask = 2147483647;
			files = (
			);
			runOnlyForDeploymentPostprocessing = 0;
		};
		528A432C1C00AA9B00C74C7C /* Resources */ = {
			isa = PBXResourcesBuildPhase;
			buildActionMask = 2147483647;
			files = (
			);
			runOnlyForDeploymentPostprocessing = 0;
		};
/* End PBXResourcesBuildPhase section */

/* Begin PBXSourcesBuildPhase section */
		528A430B1C00AA9B00C74C7C /* Sources */ = {
			isa = PBXSourcesBuildPhase;
			buildActionMask = 2147483647;
			files = (
				528A43151C00AA9B00C74C7C /* ViewController.swift in Sources */,
				528A43131C00AA9B00C74C7C /* AppDelegate.swift in Sources */,
				528BDC551C049A4E007E10E3 /* trackingManager.swift in Sources */,
				22EB2E4D1C04796300E335F5 /* mainViewController.swift in Sources */,
			);
			runOnlyForDeploymentPostprocessing = 0;
		};
		528A431F1C00AA9B00C74C7C /* Sources */ = {
			isa = PBXSourcesBuildPhase;
			buildActionMask = 2147483647;
			files = (
				528A43281C00AA9B00C74C7C /* testmapTests.swift in Sources */,
			);
			runOnlyForDeploymentPostprocessing = 0;
		};
		528A432A1C00AA9B00C74C7C /* Sources */ = {
			isa = PBXSourcesBuildPhase;
			buildActionMask = 2147483647;
			files = (
				528A43331C00AA9B00C74C7C /* testmapUITests.swift in Sources */,
			);
			runOnlyForDeploymentPostprocessing = 0;
		};
/* End PBXSourcesBuildPhase section */

/* Begin PBXTargetDependency section */
		528A43251C00AA9B00C74C7C /* PBXTargetDependency */ = {
			isa = PBXTargetDependency;
			target = 528A430E1C00AA9B00C74C7C /* testmap */;
			targetProxy = 528A43241C00AA9B00C74C7C /* PBXContainerItemProxy */;
		};
		528A43301C00AA9B00C74C7C /* PBXTargetDependency */ = {
			isa = PBXTargetDependency;
			target = 528A430E1C00AA9B00C74C7C /* testmap */;
			targetProxy = 528A432F1C00AA9B00C74C7C /* PBXContainerItemProxy */;
		};
/* End PBXTargetDependency section */

/* Begin PBXVariantGroup section */
		528A43161C00AA9B00C74C7C /* Main.storyboard */ = {
			isa = PBXVariantGroup;
			children = (
				528A43171C00AA9B00C74C7C /* Base */,
			);
			name = Main.storyboard;
			sourceTree = "<group>";
		};
		528A431B1C00AA9B00C74C7C /* LaunchScreen.storyboard */ = {
			isa = PBXVariantGroup;
			children = (
				528A431C1C00AA9B00C74C7C /* Base */,
			);
			name = LaunchScreen.storyboard;
			sourceTree = "<group>";
		};
/* End PBXVariantGroup section */

/* Begin XCBuildConfiguration section */
		528A43351C00AA9B00C74C7C /* Debug */ = {
			isa = XCBuildConfiguration;
			buildSettings = {
				ALWAYS_SEARCH_USER_PATHS = NO;
				CLANG_CXX_LANGUAGE_STANDARD = "gnu++0x";
				CLANG_CXX_LIBRARY = "libc++";
				CLANG_ENABLE_MODULES = YES;
				CLANG_ENABLE_OBJC_ARC = YES;
				CLANG_WARN_BOOL_CONVERSION = YES;
				CLANG_WARN_CONSTANT_CONVERSION = YES;
				CLANG_WARN_DIRECT_OBJC_ISA_USAGE = YES_ERROR;
				CLANG_WARN_EMPTY_BODY = YES;
				CLANG_WARN_ENUM_CONVERSION = YES;
				CLANG_WARN_INT_CONVERSION = YES;
				CLANG_WARN_OBJC_ROOT_CLASS = YES_ERROR;
				CLANG_WARN_UNREACHABLE_CODE = YES;
				CLANG_WARN__DUPLICATE_METHOD_MATCH = YES;
				"CODE_SIGN_IDENTITY[sdk=iphoneos*]" = "iPhone Developer";
				COPY_PHASE_STRIP = NO;
				DEBUG_INFORMATION_FORMAT = dwarf;
				ENABLE_STRICT_OBJC_MSGSEND = YES;
				ENABLE_TESTABILITY = YES;
				GCC_C_LANGUAGE_STANDARD = gnu99;
				GCC_DYNAMIC_NO_PIC = NO;
				GCC_NO_COMMON_BLOCKS = YES;
				GCC_OPTIMIZATION_LEVEL = 0;
				GCC_PREPROCESSOR_DEFINITIONS = (
					"DEBUG=1",
					"$(inherited)",
				);
				GCC_WARN_64_TO_32_BIT_CONVERSION = YES;
				GCC_WARN_ABOUT_RETURN_TYPE = YES_ERROR;
				GCC_WARN_UNDECLARED_SELECTOR = YES;
				GCC_WARN_UNINITIALIZED_AUTOS = YES_AGGRESSIVE;
				GCC_WARN_UNUSED_FUNCTION = YES;
				GCC_WARN_UNUSED_VARIABLE = YES;
				IPHONEOS_DEPLOYMENT_TARGET = 9.1;
				MTL_ENABLE_DEBUG_INFO = YES;
				ONLY_ACTIVE_ARCH = YES;
				SDKROOT = iphoneos;
				SWIFT_OPTIMIZATION_LEVEL = "-Onone";
				TARGETED_DEVICE_FAMILY = "1,2";
			};
			name = Debug;
		};
		528A43361C00AA9B00C74C7C /* Release */ = {
			isa = XCBuildConfiguration;
			buildSettings = {
				ALWAYS_SEARCH_USER_PATHS = NO;
				CLANG_CXX_LANGUAGE_STANDARD = "gnu++0x";
				CLANG_CXX_LIBRARY = "libc++";
				CLANG_ENABLE_MODULES = YES;
				CLANG_ENABLE_OBJC_ARC = YES;
				CLANG_WARN_BOOL_CONVERSION = YES;
				CLANG_WARN_CONSTANT_CONVERSION = YES;
				CLANG_WARN_DIRECT_OBJC_ISA_USAGE = YES_ERROR;
				CLANG_WARN_EMPTY_BODY = YES;
				CLANG_WARN_ENUM_CONVERSION = YES;
				CLANG_WARN_INT_CONVERSION = YES;
				CLANG_WARN_OBJC_ROOT_CLASS = YES_ERROR;
				CLANG_WARN_UNREACHABLE_CODE = YES;
				CLANG_WARN__DUPLICATE_METHOD_MATCH = YES;
				"CODE_SIGN_IDENTITY[sdk=iphoneos*]" = "iPhone Developer";
				COPY_PHASE_STRIP = NO;
				DEBUG_INFORMATION_FORMAT = "dwarf-with-dsym";
				ENABLE_NS_ASSERTIONS = NO;
				ENABLE_STRICT_OBJC_MSGSEND = YES;
				GCC_C_LANGUAGE_STANDARD = gnu99;
				GCC_NO_COMMON_BLOCKS = YES;
				GCC_WARN_64_TO_32_BIT_CONVERSION = YES;
				GCC_WARN_ABOUT_RETURN_TYPE = YES_ERROR;
				GCC_WARN_UNDECLARED_SELECTOR = YES;
				GCC_WARN_UNINITIALIZED_AUTOS = YES_AGGRESSIVE;
				GCC_WARN_UNUSED_FUNCTION = YES;
				GCC_WARN_UNUSED_VARIABLE = YES;
				IPHONEOS_DEPLOYMENT_TARGET = 9.1;
				MTL_ENABLE_DEBUG_INFO = NO;
				SDKROOT = iphoneos;
				TARGETED_DEVICE_FAMILY = "1,2";
				VALIDATE_PRODUCT = YES;
			};
			name = Release;
		};
		528A43381C00AA9B00C74C7C /* Debug */ = {
			isa = XCBuildConfiguration;
			buildSettings = {
				ASSETCATALOG_COMPILER_APPICON_NAME = AppIcon;
				INFOPLIST_FILE = testmap/Info.plist;
				LD_RUNPATH_SEARCH_PATHS = "$(inherited) @executable_path/Frameworks";
				PRODUCT_BUNDLE_IDENTIFIER = test.testmap;
				PRODUCT_NAME = "$(TARGET_NAME)";
			};
			name = Debug;
		};
		528A43391C00AA9B00C74C7C /* Release */ = {
			isa = XCBuildConfiguration;
			buildSettings = {
				ASSETCATALOG_COMPILER_APPICON_NAME = AppIcon;
				INFOPLIST_FILE = testmap/Info.plist;
				LD_RUNPATH_SEARCH_PATHS = "$(inherited) @executable_path/Frameworks";
				PRODUCT_BUNDLE_IDENTIFIER = test.testmap;
				PRODUCT_NAME = "$(TARGET_NAME)";
			};
			name = Release;
		};
		528A433B1C00AA9B00C74C7C /* Debug */ = {
			isa = XCBuildConfiguration;
			buildSettings = {
				BUNDLE_LOADER = "$(TEST_HOST)";
				INFOPLIST_FILE = testmapTests/Info.plist;
				LD_RUNPATH_SEARCH_PATHS = "$(inherited) @executable_path/Frameworks @loader_path/Frameworks";
				PRODUCT_BUNDLE_IDENTIFIER = test.testmapTests;
				PRODUCT_NAME = "$(TARGET_NAME)";
				TEST_HOST = "$(BUILT_PRODUCTS_DIR)/testmap.app/testmap";
			};
			name = Debug;
		};
		528A433C1C00AA9B00C74C7C /* Release */ = {
			isa = XCBuildConfiguration;
			buildSettings = {
				BUNDLE_LOADER = "$(TEST_HOST)";
				INFOPLIST_FILE = testmapTests/Info.plist;
				LD_RUNPATH_SEARCH_PATHS = "$(inherited) @executable_path/Frameworks @loader_path/Frameworks";
				PRODUCT_BUNDLE_IDENTIFIER = test.testmapTests;
				PRODUCT_NAME = "$(TARGET_NAME)";
				TEST_HOST = "$(BUILT_PRODUCTS_DIR)/testmap.app/testmap";
			};
			name = Release;
		};
		528A433E1C00AA9B00C74C7C /* Debug */ = {
			isa = XCBuildConfiguration;
			buildSettings = {
				INFOPLIST_FILE = testmapUITests/Info.plist;
				LD_RUNPATH_SEARCH_PATHS = "$(inherited) @executable_path/Frameworks @loader_path/Frameworks";
				PRODUCT_BUNDLE_IDENTIFIER = test.testmapUITests;
				PRODUCT_NAME = "$(TARGET_NAME)";
				TEST_TARGET_NAME = testmap;
				USES_XCTRUNNER = YES;
			};
			name = Debug;
		};
		528A433F1C00AA9B00C74C7C /* Release */ = {
			isa = XCBuildConfiguration;
			buildSettings = {
				INFOPLIST_FILE = testmapUITests/Info.plist;
				LD_RUNPATH_SEARCH_PATHS = "$(inherited) @executable_path/Frameworks @loader_path/Frameworks";
				PRODUCT_BUNDLE_IDENTIFIER = test.testmapUITests;
				PRODUCT_NAME = "$(TARGET_NAME)";
				TEST_TARGET_NAME = testmap;
				USES_XCTRUNNER = YES;
			};
			name = Release;
		};
/* End XCBuildConfiguration section */

/* Begin XCConfigurationList section */
		528A430A1C00AA9B00C74C7C /* Build configuration list for PBXProject "testmap" */ = {
			isa = XCConfigurationList;
			buildConfigurations = (
				528A43351C00AA9B00C74C7C /* Debug */,
				528A43361C00AA9B00C74C7C /* Release */,
			);
			defaultConfigurationIsVisible = 0;
			defaultConfigurationName = Release;
		};
		528A43371C00AA9B00C74C7C /* Build configuration list for PBXNativeTarget "testmap" */ = {
			isa = XCConfigurationList;
			buildConfigurations = (
				528A43381C00AA9B00C74C7C /* Debug */,
				528A43391C00AA9B00C74C7C /* Release */,
			);
			defaultConfigurationIsVisible = 0;
			defaultConfigurationName = Release;
		};
		528A433A1C00AA9B00C74C7C /* Build configuration list for PBXNativeTarget "testmapTests" */ = {
			isa = XCConfigurationList;
			buildConfigurations = (
				528A433B1C00AA9B00C74C7C /* Debug */,
				528A433C1C00AA9B00C74C7C /* Release */,
			);
			defaultConfigurationIsVisible = 0;
			defaultConfigurationName = Release;
		};
		528A433D1C00AA9B00C74C7C /* Build configuration list for PBXNativeTarget "testmapUITests" */ = {
			isa = XCConfigurationList;
			buildConfigurations = (
				528A433E1C00AA9B00C74C7C /* Debug */,
				528A433F1C00AA9B00C74C7C /* Release */,
			);
			defaultConfigurationIsVisible = 0;
			defaultConfigurationName = Release;
		};
/* End XCConfigurationList section */
	};
	rootObject = 528A43071C00AA9B00C74C7C /* Project object */;
}
